// !$*UTF8*$!
{
	archiveVersion = 1;
	classes = {
	};
	objectVersion = 50;
	objects = {

/* Begin PBXBuildFile section */
		063354B1241374EE00C73FF5 /* LandmarkList.swift in Sources */ = {isa = PBXBuildFile; fileRef = 06BC463C24123792005977CF /* LandmarkList.swift */; };
		066E8ABF24119DC2008565E5 /* AppDelegate.swift in Sources */ = {isa = PBXBuildFile; fileRef = 066E8ABE24119DC2008565E5 /* AppDelegate.swift */; };
		066E8AC124119DC2008565E5 /* SceneDelegate.swift in Sources */ = {isa = PBXBuildFile; fileRef = 066E8AC024119DC2008565E5 /* SceneDelegate.swift */; };
		066E8AC324119DC2008565E5 /* LandmarkDetail.swift in Sources */ = {isa = PBXBuildFile; fileRef = 066E8AC224119DC2008565E5 /* LandmarkDetail.swift */; };
		066E8AC524119DC6008565E5 /* Assets.xcassets in Resources */ = {isa = PBXBuildFile; fileRef = 066E8AC424119DC6008565E5 /* Assets.xcassets */; };
		066E8AC824119DC6008565E5 /* Preview Assets.xcassets in Resources */ = {isa = PBXBuildFile; fileRef = 066E8AC724119DC6008565E5 /* Preview Assets.xcassets */; };
		066E8ACB24119DC6008565E5 /* LaunchScreen.storyboard in Resources */ = {isa = PBXBuildFile; fileRef = 066E8AC924119DC6008565E5 /* LaunchScreen.storyboard */; };
		066E8AD624119DC6008565E5 /* LandmarksTests.swift in Sources */ = {isa = PBXBuildFile; fileRef = 066E8AD524119DC6008565E5 /* LandmarksTests.swift */; };
		066E8AE124119DC6008565E5 /* LandmarksUITests.swift in Sources */ = {isa = PBXBuildFile; fileRef = 066E8AE024119DC6008565E5 /* LandmarksUITests.swift */; };
		0678077B2411A1DE00BD160E /* CircleImage.swift in Sources */ = {isa = PBXBuildFile; fileRef = 0678077A2411A1DE00BD160E /* CircleImage.swift */; };
		0678077D2411A3AE00BD160E /* MapView.swift in Sources */ = {isa = PBXBuildFile; fileRef = 0678077C2411A3AE00BD160E /* MapView.swift */; };
		06BC4637241233E5005977CF /* Landmark.swift in Sources */ = {isa = PBXBuildFile; fileRef = 06BC4636241233E5005977CF /* Landmark.swift */; };
		06BC4639241235D0005977CF /* Data.swift in Sources */ = {isa = PBXBuildFile; fileRef = 06BC4638241235D0005977CF /* Data.swift */; };
		06BC463B24123616005977CF /* LandmarkRow.swift in Sources */ = {isa = PBXBuildFile; fileRef = 06BC463A24123616005977CF /* LandmarkRow.swift */; };
		06BC463D24123792005977CF /* LandmarkList.swift in Sources */ = {isa = PBXBuildFile; fileRef = 06BC463C24123792005977CF /* LandmarkList.swift */; };
		06C59F78241241F70067E7CB /* icybay.jpg in Resources */ = {isa = PBXBuildFile; fileRef = 06C59F6B241241F60067E7CB /* icybay.jpg */; };
		06C59F79241241F70067E7CB /* twinlake.jpg in Resources */ = {isa = PBXBuildFile; fileRef = 06C59F6C241241F70067E7CB /* twinlake.jpg */; };
		06C59F7A241241F70067E7CB /* rainbowlake.jpg in Resources */ = {isa = PBXBuildFile; fileRef = 06C59F6D241241F70067E7CB /* rainbowlake.jpg */; };
		06C59F7B241241F70067E7CB /* landmarkData.json in Resources */ = {isa = PBXBuildFile; fileRef = 06C59F6E241241F70067E7CB /* landmarkData.json */; };
		06C59F7C241241F70067E7CB /* turtlerock.jpg in Resources */ = {isa = PBXBuildFile; fileRef = 06C59F6F241241F70067E7CB /* turtlerock.jpg */; };
		06C59F7D241241F70067E7CB /* umbagog.jpg in Resources */ = {isa = PBXBuildFile; fileRef = 06C59F70241241F70067E7CB /* umbagog.jpg */; };
		06C59F7E241241F70067E7CB /* stmarylake.jpg in Resources */ = {isa = PBXBuildFile; fileRef = 06C59F71241241F70067E7CB /* stmarylake.jpg */; };
		06C59F7F241241F70067E7CB /* lakemcdonald.jpg in Resources */ = {isa = PBXBuildFile; fileRef = 06C59F72241241F70067E7CB /* lakemcdonald.jpg */; };
		06C59F80241241F70067E7CB /* hiddenlake.jpg in Resources */ = {isa = PBXBuildFile; fileRef = 06C59F73241241F70067E7CB /* hiddenlake.jpg */; };
		06C59F81241241F70067E7CB /* silversalmoncreek.jpg in Resources */ = {isa = PBXBuildFile; fileRef = 06C59F74241241F70067E7CB /* silversalmoncreek.jpg */; };
		06C59F82241241F70067E7CB /* chincoteague.jpg in Resources */ = {isa = PBXBuildFile; fileRef = 06C59F75241241F70067E7CB /* chincoteague.jpg */; };
		06C59F83241241F70067E7CB /* chilkoottrail.jpg in Resources */ = {isa = PBXBuildFile; fileRef = 06C59F76241241F70067E7CB /* chilkoottrail.jpg */; };
		06C59F84241241F70067E7CB /* charleyrivers.jpg in Resources */ = {isa = PBXBuildFile; fileRef = 06C59F77241241F70067E7CB /* charleyrivers.jpg */; };
		06C59F86241243310067E7CB /* UserData.swift in Sources */ = {isa = PBXBuildFile; fileRef = 06C59F85241243310067E7CB /* UserData.swift */; };
		06C59F882412477A0067E7CB /* Badge.swift in Sources */ = {isa = PBXBuildFile; fileRef = 06C59F872412477A0067E7CB /* Badge.swift */; };
		06C59F8A241247A30067E7CB /* HexagonParameters.swift in Sources */ = {isa = PBXBuildFile; fileRef = 06C59F89241247A30067E7CB /* HexagonParameters.swift */; };
		06C59F8C24124D8A0067E7CB /* BadgeBackground.swift in Sources */ = {isa = PBXBuildFile; fileRef = 06C59F8B24124D8A0067E7CB /* BadgeBackground.swift */; };
		06C59F8E24124DE00067E7CB /* BadgeSymbol.swift in Sources */ = {isa = PBXBuildFile; fileRef = 06C59F8D24124DE00067E7CB /* BadgeSymbol.swift */; };
		06C59F9024124E390067E7CB /* RotatedBadgeSymbol.swift in Sources */ = {isa = PBXBuildFile; fileRef = 06C59F8F24124E390067E7CB /* RotatedBadgeSymbol.swift */; };
		06C59F922412FEF90067E7CB /* HikeView.swift in Sources */ = {isa = PBXBuildFile; fileRef = 06C59F912412FEF90067E7CB /* HikeView.swift */; };
		06C59F942412FF550067E7CB /* Hike.swift in Sources */ = {isa = PBXBuildFile; fileRef = 06C59F932412FF550067E7CB /* Hike.swift */; };
		06C59F962412FF830067E7CB /* hikeData.json in Resources */ = {isa = PBXBuildFile; fileRef = 06C59F952412FF830067E7CB /* hikeData.json */; };
		06C59F98241300690067E7CB /* HikeDetail.swift in Sources */ = {isa = PBXBuildFile; fileRef = 06C59F97241300690067E7CB /* HikeDetail.swift */; };
		06C59F9B241300F80067E7CB /* HikeGraph.swift in Sources */ = {isa = PBXBuildFile; fileRef = 06C59F9A241300F80067E7CB /* HikeGraph.swift */; };
		06C59F9D241300FF0067E7CB /* GraphCapsule.swift in Sources */ = {isa = PBXBuildFile; fileRef = 06C59F9C241300FF0067E7CB /* GraphCapsule.swift */; };
		06C59F9F2413045D0067E7CB /* Home.swift in Sources */ = {isa = PBXBuildFile; fileRef = 06C59F9E2413045D0067E7CB /* Home.swift */; };
		06C59FA1241306B10067E7CB /* CategoryRow.swift in Sources */ = {isa = PBXBuildFile; fileRef = 06C59FA0241306B10067E7CB /* CategoryRow.swift */; };
		06C59FA3241310F40067E7CB /* ProfileHost.swift in Sources */ = {isa = PBXBuildFile; fileRef = 06C59FA2241310F40067E7CB /* ProfileHost.swift */; };
		06C59FA52413118F0067E7CB /* Profile.swift in Sources */ = {isa = PBXBuildFile; fileRef = 06C59FA42413118F0067E7CB /* Profile.swift */; };
		06C59FA7241314170067E7CB /* ProfileSummary.swift in Sources */ = {isa = PBXBuildFile; fileRef = 06C59FA6241314170067E7CB /* ProfileSummary.swift */; };
		06C59FA9241315820067E7CB /* HikeBadge.swift in Sources */ = {isa = PBXBuildFile; fileRef = 06C59FA8241315820067E7CB /* HikeBadge.swift */; };
		06C59FAB241318460067E7CB /* ProfileEditor.swift in Sources */ = {isa = PBXBuildFile; fileRef = 06C59FAA241318460067E7CB /* ProfileEditor.swift */; };
		06C59FAD24131D5E0067E7CB /* PageViewController.swift in Sources */ = {isa = PBXBuildFile; fileRef = 06C59FAC24131D5E0067E7CB /* PageViewController.swift */; };
		06C59FAF24131EA00067E7CB /* PageView.swift in Sources */ = {isa = PBXBuildFile; fileRef = 06C59FAE24131EA00067E7CB /* PageView.swift */; };
		06C59FB12413202A0067E7CB /* FeatureCard.swift in Sources */ = {isa = PBXBuildFile; fileRef = 06C59FB02413202A0067E7CB /* FeatureCard.swift */; };
		06F439702413293300D27001 /* stmarylake_feature.jpg in Resources */ = {isa = PBXBuildFile; fileRef = 06F4396D2413293200D27001 /* stmarylake_feature.jpg */; };
		06F439712413293300D27001 /* turtlerock_feature.jpg in Resources */ = {isa = PBXBuildFile; fileRef = 06F4396E2413293200D27001 /* turtlerock_feature.jpg */; };
		06F439722413293300D27001 /* charleyrivers_feature.jpg in Resources */ = {isa = PBXBuildFile; fileRef = 06F4396F2413293200D27001 /* charleyrivers_feature.jpg */; };
		06F439752413623600D27001 /* PageControl.swift in Sources */ = {isa = PBXBuildFile; fileRef = 06F439742413623600D27001 /* PageControl.swift */; };
		06F4397C241366E100D27001 /* Interface.storyboard in Resources */ = {isa = PBXBuildFile; fileRef = 06F4397A241366E100D27001 /* Interface.storyboard */; };
		06F4397E241366E200D27001 /* Assets.xcassets in Resources */ = {isa = PBXBuildFile; fileRef = 06F4397D241366E200D27001 /* Assets.xcassets */; };
		06F43985241366E200D27001 /* WatchLandmarks Extension.appex in Embed App Extensions */ = {isa = PBXBuildFile; fileRef = 06F43984241366E200D27001 /* WatchLandmarks Extension.appex */; settings = {ATTRIBUTES = (RemoveHeadersOnCopy, ); }; };
		06F4398A241366E200D27001 /* ContentView.swift in Sources */ = {isa = PBXBuildFile; fileRef = 06F43989241366E200D27001 /* ContentView.swift */; };
		06F4398C241366E200D27001 /* HostingController.swift in Sources */ = {isa = PBXBuildFile; fileRef = 06F4398B241366E200D27001 /* HostingController.swift */; };
		06F4398E241366E200D27001 /* ExtensionDelegate.swift in Sources */ = {isa = PBXBuildFile; fileRef = 06F4398D241366E200D27001 /* ExtensionDelegate.swift */; };
		06F43990241366E200D27001 /* NotificationController.swift in Sources */ = {isa = PBXBuildFile; fileRef = 06F4398F241366E200D27001 /* NotificationController.swift */; };
		06F43992241366E200D27001 /* NotificationView.swift in Sources */ = {isa = PBXBuildFile; fileRef = 06F43991241366E200D27001 /* NotificationView.swift */; };
		06F43994241366E200D27001 /* Assets.xcassets in Resources */ = {isa = PBXBuildFile; fileRef = 06F43993241366E200D27001 /* Assets.xcassets */; };
		06F43997241366E200D27001 /* Preview Assets.xcassets in Resources */ = {isa = PBXBuildFile; fileRef = 06F43996241366E200D27001 /* Preview Assets.xcassets */; };
		06F4399C241366E200D27001 /* WatchLandmarks.app in Embed Watch Content */ = {isa = PBXBuildFile; fileRef = 06F43978241366E100D27001 /* WatchLandmarks.app */; settings = {ATTRIBUTES = (RemoveHeadersOnCopy, ); }; };
		06F439A52413675E00D27001 /* LandmarkRow.swift in Sources */ = {isa = PBXBuildFile; fileRef = 06BC463A24123616005977CF /* LandmarkRow.swift */; };
		06F439A62413675E00D27001 /* UserData.swift in Sources */ = {isa = PBXBuildFile; fileRef = 06C59F85241243310067E7CB /* UserData.swift */; };
		06F439A72413675E00D27001 /* Landmark.swift in Sources */ = {isa = PBXBuildFile; fileRef = 06BC4636241233E5005977CF /* Landmark.swift */; };
		06F439A82413675E00D27001 /* Data.swift in Sources */ = {isa = PBXBuildFile; fileRef = 06BC4638241235D0005977CF /* Data.swift */; };
		06F439A92413675E00D27001 /* Hike.swift in Sources */ = {isa = PBXBuildFile; fileRef = 06C59F932412FF550067E7CB /* Hike.swift */; };
		06F439AA2413675E00D27001 /* Profile.swift in Sources */ = {isa = PBXBuildFile; fileRef = 06C59FA42413118F0067E7CB /* Profile.swift */; };
		06F439AB2413675E00D27001 /* CircleImage.swift in Sources */ = {isa = PBXBuildFile; fileRef = 0678077A2411A1DE00BD160E /* CircleImage.swift */; };
		06F439AC2413679200D27001 /* Assets.xcassets in Resources */ = {isa = PBXBuildFile; fileRef = 066E8AC424119DC6008565E5 /* Assets.xcassets */; };
		06F439AD241367AA00D27001 /* charleyrivers_feature.jpg in Resources */ = {isa = PBXBuildFile; fileRef = 06F4396F2413293200D27001 /* charleyrivers_feature.jpg */; };
		06F439AE241367AA00D27001 /* stmarylake_feature.jpg in Resources */ = {isa = PBXBuildFile; fileRef = 06F4396D2413293200D27001 /* stmarylake_feature.jpg */; };
		06F439AF241367AA00D27001 /* turtlerock_feature.jpg in Resources */ = {isa = PBXBuildFile; fileRef = 06F4396E2413293200D27001 /* turtlerock_feature.jpg */; };
		06F439B0241367AA00D27001 /* charleyrivers.jpg in Resources */ = {isa = PBXBuildFile; fileRef = 06C59F77241241F70067E7CB /* charleyrivers.jpg */; };
		06F439B1241367AA00D27001 /* chilkoottrail.jpg in Resources */ = {isa = PBXBuildFile; fileRef = 06C59F76241241F70067E7CB /* chilkoottrail.jpg */; };
		06F439B2241367AA00D27001 /* chincoteague.jpg in Resources */ = {isa = PBXBuildFile; fileRef = 06C59F75241241F70067E7CB /* chincoteague.jpg */; };
		06F439B3241367AA00D27001 /* hiddenlake.jpg in Resources */ = {isa = PBXBuildFile; fileRef = 06C59F73241241F70067E7CB /* hiddenlake.jpg */; };
		06F439B4241367AA00D27001 /* icybay.jpg in Resources */ = {isa = PBXBuildFile; fileRef = 06C59F6B241241F60067E7CB /* icybay.jpg */; };
		06F439B5241367AA00D27001 /* hikeData.json in Resources */ = {isa = PBXBuildFile; fileRef = 06C59F952412FF830067E7CB /* hikeData.json */; };
		06F439B6241367AA00D27001 /* lakemcdonald.jpg in Resources */ = {isa = PBXBuildFile; fileRef = 06C59F72241241F70067E7CB /* lakemcdonald.jpg */; };
		06F439B7241367AA00D27001 /* landmarkData.json in Resources */ = {isa = PBXBuildFile; fileRef = 06C59F6E241241F70067E7CB /* landmarkData.json */; };
		06F439B8241367AA00D27001 /* rainbowlake.jpg in Resources */ = {isa = PBXBuildFile; fileRef = 06C59F6D241241F70067E7CB /* rainbowlake.jpg */; };
		06F439B9241367AA00D27001 /* silversalmoncreek.jpg in Resources */ = {isa = PBXBuildFile; fileRef = 06C59F74241241F70067E7CB /* silversalmoncreek.jpg */; };
		06F439BA241367AA00D27001 /* stmarylake.jpg in Resources */ = {isa = PBXBuildFile; fileRef = 06C59F71241241F70067E7CB /* stmarylake.jpg */; };
		06F439BB241367AA00D27001 /* turtlerock.jpg in Resources */ = {isa = PBXBuildFile; fileRef = 06C59F6F241241F70067E7CB /* turtlerock.jpg */; };
		06F439BC241367AA00D27001 /* twinlake.jpg in Resources */ = {isa = PBXBuildFile; fileRef = 06C59F6C241241F70067E7CB /* twinlake.jpg */; };
		06F439BD241367AA00D27001 /* umbagog.jpg in Resources */ = {isa = PBXBuildFile; fileRef = 06C59F70241241F70067E7CB /* umbagog.jpg */; };
		06F439BF241367F000D27001 /* WatchLandmarkDetail.swift in Sources */ = {isa = PBXBuildFile; fileRef = 06F439BE241367F000D27001 /* WatchLandmarkDetail.swift */; };
		06F439C124136BB400D27001 /* WatchMapView.swift in Sources */ = {isa = PBXBuildFile; fileRef = 06F439C024136BB400D27001 /* WatchMapView.swift */; };
/* End PBXBuildFile section */

/* Begin PBXContainerItemProxy section */
		066E8AD224119DC6008565E5 /* PBXContainerItemProxy */ = {
			isa = PBXContainerItemProxy;
			containerPortal = 066E8AB324119DC2008565E5 /* Project object */;
			proxyType = 1;
			remoteGlobalIDString = 066E8ABA24119DC2008565E5;
			remoteInfo = Landmarks;
		};
		066E8ADD24119DC6008565E5 /* PBXContainerItemProxy */ = {
			isa = PBXContainerItemProxy;
			containerPortal = 066E8AB324119DC2008565E5 /* Project object */;
			proxyType = 1;
			remoteGlobalIDString = 066E8ABA24119DC2008565E5;
			remoteInfo = Landmarks;
		};
		06F43986241366E200D27001 /* PBXContainerItemProxy */ = {
			isa = PBXContainerItemProxy;
			containerPortal = 066E8AB324119DC2008565E5 /* Project object */;
			proxyType = 1;
			remoteGlobalIDString = 06F43983241366E200D27001;
			remoteInfo = "WatchLandmarks Extension";
		};
		06F4399A241366E200D27001 /* PBXContainerItemProxy */ = {
			isa = PBXContainerItemProxy;
			containerPortal = 066E8AB324119DC2008565E5 /* Project object */;
			proxyType = 1;
			remoteGlobalIDString = 06F43977241366E100D27001;
			remoteInfo = WatchLandmarks;
		};
/* End PBXContainerItemProxy section */

/* Begin PBXCopyFilesBuildPhase section */
		06F439A0241366E200D27001 /* Embed App Extensions */ = {
			isa = PBXCopyFilesBuildPhase;
			buildActionMask = 2147483647;
			dstPath = "";
			dstSubfolderSpec = 13;
			files = (
				06F43985241366E200D27001 /* WatchLandmarks Extension.appex in Embed App Extensions */,
			);
			name = "Embed App Extensions";
			runOnlyForDeploymentPostprocessing = 0;
		};
		06F439A4241366E200D27001 /* Embed Watch Content */ = {
			isa = PBXCopyFilesBuildPhase;
			buildActionMask = 2147483647;
			dstPath = "$(CONTENTS_FOLDER_PATH)/Watch";
			dstSubfolderSpec = 16;
			files = (
				06F4399C241366E200D27001 /* WatchLandmarks.app in Embed Watch Content */,
			);
			name = "Embed Watch Content";
			runOnlyForDeploymentPostprocessing = 0;
		};
/* End PBXCopyFilesBuildPhase section */

/* Begin PBXFileReference section */
		066E8ABB24119DC2008565E5 /* Landmarks.app */ = {isa = PBXFileReference; explicitFileType = wrapper.application; includeInIndex = 0; path = Landmarks.app; sourceTree = BUILT_PRODUCTS_DIR; };
		066E8ABE24119DC2008565E5 /* AppDelegate.swift */ = {isa = PBXFileReference; lastKnownFileType = sourcecode.swift; path = AppDelegate.swift; sourceTree = "<group>"; };
		066E8AC024119DC2008565E5 /* SceneDelegate.swift */ = {isa = PBXFileReference; lastKnownFileType = sourcecode.swift; path = SceneDelegate.swift; sourceTree = "<group>"; };
		066E8AC224119DC2008565E5 /* LandmarkDetail.swift */ = {isa = PBXFileReference; lastKnownFileType = sourcecode.swift; path = LandmarkDetail.swift; sourceTree = "<group>"; };
		066E8AC424119DC6008565E5 /* Assets.xcassets */ = {isa = PBXFileReference; lastKnownFileType = folder.assetcatalog; path = Assets.xcassets; sourceTree = "<group>"; };
		066E8AC724119DC6008565E5 /* Preview Assets.xcassets */ = {isa = PBXFileReference; lastKnownFileType = folder.assetcatalog; path = "Preview Assets.xcassets"; sourceTree = "<group>"; };
		066E8ACA24119DC6008565E5 /* Base */ = {isa = PBXFileReference; lastKnownFileType = file.storyboard; name = Base; path = Base.lproj/LaunchScreen.storyboard; sourceTree = "<group>"; };
		066E8ACC24119DC6008565E5 /* Info.plist */ = {isa = PBXFileReference; lastKnownFileType = text.plist.xml; path = Info.plist; sourceTree = "<group>"; };
		066E8AD124119DC6008565E5 /* LandmarksTests.xctest */ = {isa = PBXFileReference; explicitFileType = wrapper.cfbundle; includeInIndex = 0; path = LandmarksTests.xctest; sourceTree = BUILT_PRODUCTS_DIR; };
		066E8AD524119DC6008565E5 /* LandmarksTests.swift */ = {isa = PBXFileReference; lastKnownFileType = sourcecode.swift; path = LandmarksTests.swift; sourceTree = "<group>"; };
		066E8AD724119DC6008565E5 /* Info.plist */ = {isa = PBXFileReference; lastKnownFileType = text.plist.xml; path = Info.plist; sourceTree = "<group>"; };
		066E8ADC24119DC6008565E5 /* LandmarksUITests.xctest */ = {isa = PBXFileReference; explicitFileType = wrapper.cfbundle; includeInIndex = 0; path = LandmarksUITests.xctest; sourceTree = BUILT_PRODUCTS_DIR; };
		066E8AE024119DC6008565E5 /* LandmarksUITests.swift */ = {isa = PBXFileReference; lastKnownFileType = sourcecode.swift; path = LandmarksUITests.swift; sourceTree = "<group>"; };
		066E8AE224119DC6008565E5 /* Info.plist */ = {isa = PBXFileReference; lastKnownFileType = text.plist.xml; path = Info.plist; sourceTree = "<group>"; };
		0678077A2411A1DE00BD160E /* CircleImage.swift */ = {isa = PBXFileReference; lastKnownFileType = sourcecode.swift; path = CircleImage.swift; sourceTree = "<group>"; };
		0678077C2411A3AE00BD160E /* MapView.swift */ = {isa = PBXFileReference; lastKnownFileType = sourcecode.swift; path = MapView.swift; sourceTree = "<group>"; };
		06BC4636241233E5005977CF /* Landmark.swift */ = {isa = PBXFileReference; lastKnownFileType = sourcecode.swift; path = Landmark.swift; sourceTree = "<group>"; };
		06BC4638241235D0005977CF /* Data.swift */ = {isa = PBXFileReference; lastKnownFileType = sourcecode.swift; path = Data.swift; sourceTree = "<group>"; };
		06BC463A24123616005977CF /* LandmarkRow.swift */ = {isa = PBXFileReference; lastKnownFileType = sourcecode.swift; path = LandmarkRow.swift; sourceTree = "<group>"; };
		06BC463C24123792005977CF /* LandmarkList.swift */ = {isa = PBXFileReference; lastKnownFileType = sourcecode.swift; path = LandmarkList.swift; sourceTree = "<group>"; };
		06C59F6B241241F60067E7CB /* icybay.jpg */ = {isa = PBXFileReference; lastKnownFileType = image.jpeg; path = icybay.jpg; sourceTree = "<group>"; };
		06C59F6C241241F70067E7CB /* twinlake.jpg */ = {isa = PBXFileReference; lastKnownFileType = image.jpeg; path = twinlake.jpg; sourceTree = "<group>"; };
		06C59F6D241241F70067E7CB /* rainbowlake.jpg */ = {isa = PBXFileReference; lastKnownFileType = image.jpeg; path = rainbowlake.jpg; sourceTree = "<group>"; };
		06C59F6E241241F70067E7CB /* landmarkData.json */ = {isa = PBXFileReference; fileEncoding = 4; lastKnownFileType = text.json; path = landmarkData.json; sourceTree = "<group>"; };
		06C59F6F241241F70067E7CB /* turtlerock.jpg */ = {isa = PBXFileReference; lastKnownFileType = image.jpeg; path = turtlerock.jpg; sourceTree = "<group>"; };
		06C59F70241241F70067E7CB /* umbagog.jpg */ = {isa = PBXFileReference; lastKnownFileType = image.jpeg; path = umbagog.jpg; sourceTree = "<group>"; };
		06C59F71241241F70067E7CB /* stmarylake.jpg */ = {isa = PBXFileReference; lastKnownFileType = image.jpeg; path = stmarylake.jpg; sourceTree = "<group>"; };
		06C59F72241241F70067E7CB /* lakemcdonald.jpg */ = {isa = PBXFileReference; lastKnownFileType = image.jpeg; path = lakemcdonald.jpg; sourceTree = "<group>"; };
		06C59F73241241F70067E7CB /* hiddenlake.jpg */ = {isa = PBXFileReference; lastKnownFileType = image.jpeg; path = hiddenlake.jpg; sourceTree = "<group>"; };
		06C59F74241241F70067E7CB /* silversalmoncreek.jpg */ = {isa = PBXFileReference; lastKnownFileType = image.jpeg; path = silversalmoncreek.jpg; sourceTree = "<group>"; };
		06C59F75241241F70067E7CB /* chincoteague.jpg */ = {isa = PBXFileReference; lastKnownFileType = image.jpeg; path = chincoteague.jpg; sourceTree = "<group>"; };
		06C59F76241241F70067E7CB /* chilkoottrail.jpg */ = {isa = PBXFileReference; lastKnownFileType = image.jpeg; path = chilkoottrail.jpg; sourceTree = "<group>"; };
		06C59F77241241F70067E7CB /* charleyrivers.jpg */ = {isa = PBXFileReference; lastKnownFileType = image.jpeg; path = charleyrivers.jpg; sourceTree = "<group>"; };
		06C59F85241243310067E7CB /* UserData.swift */ = {isa = PBXFileReference; lastKnownFileType = sourcecode.swift; path = UserData.swift; sourceTree = "<group>"; };
		06C59F872412477A0067E7CB /* Badge.swift */ = {isa = PBXFileReference; lastKnownFileType = sourcecode.swift; path = Badge.swift; sourceTree = "<group>"; };
		06C59F89241247A30067E7CB /* HexagonParameters.swift */ = {isa = PBXFileReference; fileEncoding = 4; lastKnownFileType = sourcecode.swift; path = HexagonParameters.swift; sourceTree = "<group>"; };
		06C59F8B24124D8A0067E7CB /* BadgeBackground.swift */ = {isa = PBXFileReference; lastKnownFileType = sourcecode.swift; path = BadgeBackground.swift; sourceTree = "<group>"; };
		06C59F8D24124DE00067E7CB /* BadgeSymbol.swift */ = {isa = PBXFileReference; lastKnownFileType = sourcecode.swift; path = BadgeSymbol.swift; sourceTree = "<group>"; };
		06C59F8F24124E390067E7CB /* RotatedBadgeSymbol.swift */ = {isa = PBXFileReference; lastKnownFileType = sourcecode.swift; path = RotatedBadgeSymbol.swift; sourceTree = "<group>"; };
		06C59F912412FEF90067E7CB /* HikeView.swift */ = {isa = PBXFileReference; lastKnownFileType = sourcecode.swift; path = HikeView.swift; sourceTree = "<group>"; };
		06C59F932412FF550067E7CB /* Hike.swift */ = {isa = PBXFileReference; lastKnownFileType = sourcecode.swift; path = Hike.swift; sourceTree = "<group>"; };
		06C59F952412FF830067E7CB /* hikeData.json */ = {isa = PBXFileReference; fileEncoding = 4; lastKnownFileType = text.json; path = hikeData.json; sourceTree = "<group>"; };
		06C59F97241300690067E7CB /* HikeDetail.swift */ = {isa = PBXFileReference; lastKnownFileType = sourcecode.swift; path = HikeDetail.swift; sourceTree = "<group>"; };
		06C59F9A241300F80067E7CB /* HikeGraph.swift */ = {isa = PBXFileReference; fileEncoding = 4; lastKnownFileType = sourcecode.swift; path = HikeGraph.swift; sourceTree = "<group>"; };
		06C59F9C241300FF0067E7CB /* GraphCapsule.swift */ = {isa = PBXFileReference; fileEncoding = 4; lastKnownFileType = sourcecode.swift; path = GraphCapsule.swift; sourceTree = "<group>"; };
		06C59F9E2413045D0067E7CB /* Home.swift */ = {isa = PBXFileReference; lastKnownFileType = sourcecode.swift; path = Home.swift; sourceTree = "<group>"; };
		06C59FA0241306B10067E7CB /* CategoryRow.swift */ = {isa = PBXFileReference; lastKnownFileType = sourcecode.swift; path = CategoryRow.swift; sourceTree = "<group>"; };
		06C59FA2241310F40067E7CB /* ProfileHost.swift */ = {isa = PBXFileReference; lastKnownFileType = sourcecode.swift; path = ProfileHost.swift; sourceTree = "<group>"; };
		06C59FA42413118F0067E7CB /* Profile.swift */ = {isa = PBXFileReference; lastKnownFileType = sourcecode.swift; path = Profile.swift; sourceTree = "<group>"; };
		06C59FA6241314170067E7CB /* ProfileSummary.swift */ = {isa = PBXFileReference; lastKnownFileType = sourcecode.swift; path = ProfileSummary.swift; sourceTree = "<group>"; };
		06C59FA8241315820067E7CB /* HikeBadge.swift */ = {isa = PBXFileReference; lastKnownFileType = sourcecode.swift; path = HikeBadge.swift; sourceTree = "<group>"; };
		06C59FAA241318460067E7CB /* ProfileEditor.swift */ = {isa = PBXFileReference; lastKnownFileType = sourcecode.swift; path = ProfileEditor.swift; sourceTree = "<group>"; };
		06C59FAC24131D5E0067E7CB /* PageViewController.swift */ = {isa = PBXFileReference; lastKnownFileType = sourcecode.swift; path = PageViewController.swift; sourceTree = "<group>"; };
		06C59FAE24131EA00067E7CB /* PageView.swift */ = {isa = PBXFileReference; lastKnownFileType = sourcecode.swift; path = PageView.swift; sourceTree = "<group>"; };
		06C59FB02413202A0067E7CB /* FeatureCard.swift */ = {isa = PBXFileReference; lastKnownFileType = sourcecode.swift; path = FeatureCard.swift; sourceTree = "<group>"; };
		06F4396D2413293200D27001 /* stmarylake_feature.jpg */ = {isa = PBXFileReference; lastKnownFileType = image.jpeg; path = stmarylake_feature.jpg; sourceTree = "<group>"; };
		06F4396E2413293200D27001 /* turtlerock_feature.jpg */ = {isa = PBXFileReference; lastKnownFileType = image.jpeg; path = turtlerock_feature.jpg; sourceTree = "<group>"; };
		06F4396F2413293200D27001 /* charleyrivers_feature.jpg */ = {isa = PBXFileReference; lastKnownFileType = image.jpeg; path = charleyrivers_feature.jpg; sourceTree = "<group>"; };
		06F439742413623600D27001 /* PageControl.swift */ = {isa = PBXFileReference; lastKnownFileType = sourcecode.swift; path = PageControl.swift; sourceTree = "<group>"; };
		06F43978241366E100D27001 /* WatchLandmarks.app */ = {isa = PBXFileReference; explicitFileType = wrapper.application; includeInIndex = 0; path = WatchLandmarks.app; sourceTree = BUILT_PRODUCTS_DIR; };
		06F4397B241366E100D27001 /* Base */ = {isa = PBXFileReference; lastKnownFileType = file.storyboard; name = Base; path = Base.lproj/Interface.storyboard; sourceTree = "<group>"; };
		06F4397D241366E200D27001 /* Assets.xcassets */ = {isa = PBXFileReference; lastKnownFileType = folder.assetcatalog; path = Assets.xcassets; sourceTree = "<group>"; };
		06F4397F241366E200D27001 /* Info.plist */ = {isa = PBXFileReference; lastKnownFileType = text.plist.xml; path = Info.plist; sourceTree = "<group>"; };
		06F43984241366E200D27001 /* WatchLandmarks Extension.appex */ = {isa = PBXFileReference; explicitFileType = "wrapper.app-extension"; includeInIndex = 0; path = "WatchLandmarks Extension.appex"; sourceTree = BUILT_PRODUCTS_DIR; };
		06F43989241366E200D27001 /* ContentView.swift */ = {isa = PBXFileReference; lastKnownFileType = sourcecode.swift; path = ContentView.swift; sourceTree = "<group>"; };
		06F4398B241366E200D27001 /* HostingController.swift */ = {isa = PBXFileReference; lastKnownFileType = sourcecode.swift; path = HostingController.swift; sourceTree = "<group>"; };
		06F4398D241366E200D27001 /* ExtensionDelegate.swift */ = {isa = PBXFileReference; lastKnownFileType = sourcecode.swift; path = ExtensionDelegate.swift; sourceTree = "<group>"; };
		06F4398F241366E200D27001 /* NotificationController.swift */ = {isa = PBXFileReference; lastKnownFileType = sourcecode.swift; path = NotificationController.swift; sourceTree = "<group>"; };
		06F43991241366E200D27001 /* NotificationView.swift */ = {isa = PBXFileReference; lastKnownFileType = sourcecode.swift; path = NotificationView.swift; sourceTree = "<group>"; };
		06F43993241366E200D27001 /* Assets.xcassets */ = {isa = PBXFileReference; lastKnownFileType = folder.assetcatalog; path = Assets.xcassets; sourceTree = "<group>"; };
		06F43996241366E200D27001 /* Preview Assets.xcassets */ = {isa = PBXFileReference; lastKnownFileType = folder.assetcatalog; path = "Preview Assets.xcassets"; sourceTree = "<group>"; };
		06F43998241366E200D27001 /* Info.plist */ = {isa = PBXFileReference; lastKnownFileType = text.plist.xml; path = Info.plist; sourceTree = "<group>"; };
		06F43999241366E200D27001 /* PushNotificationPayload.apns */ = {isa = PBXFileReference; lastKnownFileType = text; path = PushNotificationPayload.apns; sourceTree = "<group>"; };
		06F439BE241367F000D27001 /* WatchLandmarkDetail.swift */ = {isa = PBXFileReference; lastKnownFileType = sourcecode.swift; path = WatchLandmarkDetail.swift; sourceTree = "<group>"; };
		06F439C024136BB400D27001 /* WatchMapView.swift */ = {isa = PBXFileReference; lastKnownFileType = sourcecode.swift; path = WatchMapView.swift; sourceTree = "<group>"; };
/* End PBXFileReference section */

/* Begin PBXFrameworksBuildPhase section */
		066E8AB824119DC2008565E5 /* Frameworks */ = {
			isa = PBXFrameworksBuildPhase;
			buildActionMask = 2147483647;
			files = (
			);
			runOnlyForDeploymentPostprocessing = 0;
		};
		066E8ACE24119DC6008565E5 /* Frameworks */ = {
			isa = PBXFrameworksBuildPhase;
			buildActionMask = 2147483647;
			files = (
			);
			runOnlyForDeploymentPostprocessing = 0;
		};
		066E8AD924119DC6008565E5 /* Frameworks */ = {
			isa = PBXFrameworksBuildPhase;
			buildActionMask = 2147483647;
			files = (
			);
			runOnlyForDeploymentPostprocessing = 0;
		};
		06F43981241366E200D27001 /* Frameworks */ = {
			isa = PBXFrameworksBuildPhase;
			buildActionMask = 2147483647;
			files = (
			);
			runOnlyForDeploymentPostprocessing = 0;
		};
/* End PBXFrameworksBuildPhase section */

/* Begin PBXGroup section */
		066E8AB224119DC2008565E5 = {
			isa = PBXGroup;
			children = (
				066E8ABD24119DC2008565E5 /* Landmarks */,
				066E8AD424119DC6008565E5 /* LandmarksTests */,
				066E8ADF24119DC6008565E5 /* LandmarksUITests */,
				06F43979241366E100D27001 /* WatchLandmarks */,
				06F43988241366E200D27001 /* WatchLandmarks Extension */,
				066E8ABC24119DC2008565E5 /* Products */,
			);
			sourceTree = "<group>";
		};
		066E8ABC24119DC2008565E5 /* Products */ = {
			isa = PBXGroup;
			children = (
				066E8ABB24119DC2008565E5 /* Landmarks.app */,
				066E8AD124119DC6008565E5 /* LandmarksTests.xctest */,
				066E8ADC24119DC6008565E5 /* LandmarksUITests.xctest */,
				06F43978241366E100D27001 /* WatchLandmarks.app */,
				06F43984241366E200D27001 /* WatchLandmarks Extension.appex */,
			);
			name = Products;
			sourceTree = "<group>";
		};
		066E8ABD24119DC2008565E5 /* Landmarks */ = {
			isa = PBXGroup;
			children = (
				066E8ACC24119DC6008565E5 /* Info.plist */,
				066E8ABE24119DC2008565E5 /* AppDelegate.swift */,
				06C59FA0241306B10067E7CB /* CategoryRow.swift */,
				06C59F89241247A30067E7CB /* HexagonParameters.swift */,
				06C59FA8241315820067E7CB /* HikeBadge.swift */,
				06C59F97241300690067E7CB /* HikeDetail.swift */,
				06C59F912412FEF90067E7CB /* HikeView.swift */,
				06C59F9E2413045D0067E7CB /* Home.swift */,
				066E8AC224119DC2008565E5 /* LandmarkDetail.swift */,
				06BC463C24123792005977CF /* LandmarkList.swift */,
				06BC463A24123616005977CF /* LandmarkRow.swift */,
				06C59FAE24131EA00067E7CB /* PageView.swift */,
				06C59FAC24131D5E0067E7CB /* PageViewController.swift */,
				06F439742413623600D27001 /* PageControl.swift */,
				066E8AC024119DC2008565E5 /* SceneDelegate.swift */,
				066E8AC424119DC6008565E5 /* Assets.xcassets */,
				066E8AC924119DC6008565E5 /* LaunchScreen.storyboard */,
				06BC4635241233B8005977CF /* Models */,
				066E8AC624119DC6008565E5 /* Preview Content */,
				06F43973241329AE00D27001 /* Profile */,
				06BC461A2412335D005977CF /* Resources */,
				06C59F99241300BF0067E7CB /* Supporting Views */,
			);
			path = Landmarks;
			sourceTree = "<group>";
		};
		066E8AC624119DC6008565E5 /* Preview Content */ = {
			isa = PBXGroup;
			children = (
				066E8AC724119DC6008565E5 /* Preview Assets.xcassets */,
			);
			path = "Preview Content";
			sourceTree = "<group>";
		};
		066E8AD424119DC6008565E5 /* LandmarksTests */ = {
			isa = PBXGroup;
			children = (
				066E8AD524119DC6008565E5 /* LandmarksTests.swift */,
				066E8AD724119DC6008565E5 /* Info.plist */,
			);
			path = LandmarksTests;
			sourceTree = "<group>";
		};
		066E8ADF24119DC6008565E5 /* LandmarksUITests */ = {
			isa = PBXGroup;
			children = (
				066E8AE024119DC6008565E5 /* LandmarksUITests.swift */,
				066E8AE224119DC6008565E5 /* Info.plist */,
			);
			path = LandmarksUITests;
			sourceTree = "<group>";
		};
		06BC461A2412335D005977CF /* Resources */ = {
			isa = PBXGroup;
			children = (
				06F4396F2413293200D27001 /* charleyrivers_feature.jpg */,
				06F4396D2413293200D27001 /* stmarylake_feature.jpg */,
				06F4396E2413293200D27001 /* turtlerock_feature.jpg */,
				06C59F77241241F70067E7CB /* charleyrivers.jpg */,
				06C59F76241241F70067E7CB /* chilkoottrail.jpg */,
				06C59F75241241F70067E7CB /* chincoteague.jpg */,
				06C59F73241241F70067E7CB /* hiddenlake.jpg */,
				06C59F6B241241F60067E7CB /* icybay.jpg */,
				06C59F952412FF830067E7CB /* hikeData.json */,
				06C59F72241241F70067E7CB /* lakemcdonald.jpg */,
				06C59F6E241241F70067E7CB /* landmarkData.json */,
				06C59F6D241241F70067E7CB /* rainbowlake.jpg */,
				06C59F74241241F70067E7CB /* silversalmoncreek.jpg */,
				06C59F71241241F70067E7CB /* stmarylake.jpg */,
				06C59F6F241241F70067E7CB /* turtlerock.jpg */,
				06C59F6C241241F70067E7CB /* twinlake.jpg */,
				06C59F70241241F70067E7CB /* umbagog.jpg */,
			);
			path = Resources;
			sourceTree = "<group>";
		};
		06BC4635241233B8005977CF /* Models */ = {
			isa = PBXGroup;
			children = (
				06C59F85241243310067E7CB /* UserData.swift */,
				06BC4636241233E5005977CF /* Landmark.swift */,
				06BC4638241235D0005977CF /* Data.swift */,
				06C59F932412FF550067E7CB /* Hike.swift */,
				06C59FA42413118F0067E7CB /* Profile.swift */,
			);
			path = Models;
			sourceTree = "<group>";
		};
		06C59F99241300BF0067E7CB /* Supporting Views */ = {
			isa = PBXGroup;
			children = (
				06C59FB02413202A0067E7CB /* FeatureCard.swift */,
				06C59F872412477A0067E7CB /* Badge.swift */,
				06C59F8D24124DE00067E7CB /* BadgeSymbol.swift */,
				06C59F8F24124E390067E7CB /* RotatedBadgeSymbol.swift */,
				06C59F9A241300F80067E7CB /* HikeGraph.swift */,
				06C59F8B24124D8A0067E7CB /* BadgeBackground.swift */,
				0678077C2411A3AE00BD160E /* MapView.swift */,
				06C59F9C241300FF0067E7CB /* GraphCapsule.swift */,
				0678077A2411A1DE00BD160E /* CircleImage.swift */,
			);
			path = "Supporting Views";
			sourceTree = "<group>";
		};
		06F43973241329AE00D27001 /* Profile */ = {
			isa = PBXGroup;
			children = (
				06C59FA6241314170067E7CB /* ProfileSummary.swift */,
				06C59FA2241310F40067E7CB /* ProfileHost.swift */,
				06C59FAA241318460067E7CB /* ProfileEditor.swift */,
			);
			path = Profile;
			sourceTree = "<group>";
		};
		06F43979241366E100D27001 /* WatchLandmarks */ = {
			isa = PBXGroup;
			children = (
				06F4397A241366E100D27001 /* Interface.storyboard */,
				06F4397D241366E200D27001 /* Assets.xcassets */,
				06F4397F241366E200D27001 /* Info.plist */,
			);
			path = WatchLandmarks;
			sourceTree = "<group>";
		};
		06F43988241366E200D27001 /* WatchLandmarks Extension */ = {
			isa = PBXGroup;
			children = (
				06F43989241366E200D27001 /* ContentView.swift */,
				06F439BE241367F000D27001 /* WatchLandmarkDetail.swift */,
				06F439C024136BB400D27001 /* WatchMapView.swift */,
				06F4398B241366E200D27001 /* HostingController.swift */,
				06F4398D241366E200D27001 /* ExtensionDelegate.swift */,
				06F4398F241366E200D27001 /* NotificationController.swift */,
				06F43991241366E200D27001 /* NotificationView.swift */,
				06F43993241366E200D27001 /* Assets.xcassets */,
				06F43998241366E200D27001 /* Info.plist */,
				06F43999241366E200D27001 /* PushNotificationPayload.apns */,
				06F43995241366E200D27001 /* Preview Content */,
			);
			path = "WatchLandmarks Extension";
			sourceTree = "<group>";
		};
		06F43995241366E200D27001 /* Preview Content */ = {
			isa = PBXGroup;
			children = (
				06F43996241366E200D27001 /* Preview Assets.xcassets */,
			);
			path = "Preview Content";
			sourceTree = "<group>";
		};
/* End PBXGroup section */

/* Begin PBXNativeTarget section */
		066E8ABA24119DC2008565E5 /* Landmarks */ = {
			isa = PBXNativeTarget;
			buildConfigurationList = 066E8AE524119DC7008565E5 /* Build configuration list for PBXNativeTarget "Landmarks" */;
			buildPhases = (
				066E8AB724119DC2008565E5 /* Sources */,
				066E8AB824119DC2008565E5 /* Frameworks */,
				066E8AB924119DC2008565E5 /* Resources */,
				06F439A4241366E200D27001 /* Embed Watch Content */,
			);
			buildRules = (
			);
			dependencies = (
				06F4399B241366E200D27001 /* PBXTargetDependency */,
			);
			name = Landmarks;
			productName = Landmarks;
			productReference = 066E8ABB24119DC2008565E5 /* Landmarks.app */;
			productType = "com.apple.product-type.application";
		};
		066E8AD024119DC6008565E5 /* LandmarksTests */ = {
			isa = PBXNativeTarget;
			buildConfigurationList = 066E8AE824119DC7008565E5 /* Build configuration list for PBXNativeTarget "LandmarksTests" */;
			buildPhases = (
				066E8ACD24119DC6008565E5 /* Sources */,
				066E8ACE24119DC6008565E5 /* Frameworks */,
				066E8ACF24119DC6008565E5 /* Resources */,
			);
			buildRules = (
			);
			dependencies = (
				066E8AD324119DC6008565E5 /* PBXTargetDependency */,
			);
			name = LandmarksTests;
			productName = LandmarksTests;
			productReference = 066E8AD124119DC6008565E5 /* LandmarksTests.xctest */;
			productType = "com.apple.product-type.bundle.unit-test";
		};
		066E8ADB24119DC6008565E5 /* LandmarksUITests */ = {
			isa = PBXNativeTarget;
			buildConfigurationList = 066E8AEB24119DC7008565E5 /* Build configuration list for PBXNativeTarget "LandmarksUITests" */;
			buildPhases = (
				066E8AD824119DC6008565E5 /* Sources */,
				066E8AD924119DC6008565E5 /* Frameworks */,
				066E8ADA24119DC6008565E5 /* Resources */,
			);
			buildRules = (
			);
			dependencies = (
				066E8ADE24119DC6008565E5 /* PBXTargetDependency */,
			);
			name = LandmarksUITests;
			productName = LandmarksUITests;
			productReference = 066E8ADC24119DC6008565E5 /* LandmarksUITests.xctest */;
			productType = "com.apple.product-type.bundle.ui-testing";
		};
		06F43977241366E100D27001 /* WatchLandmarks */ = {
			isa = PBXNativeTarget;
			buildConfigurationList = 06F439A1241366E200D27001 /* Build configuration list for PBXNativeTarget "WatchLandmarks" */;
			buildPhases = (
				06F43976241366E100D27001 /* Resources */,
				06F439A0241366E200D27001 /* Embed App Extensions */,
			);
			buildRules = (
			);
			dependencies = (
				06F43987241366E200D27001 /* PBXTargetDependency */,
			);
			name = WatchLandmarks;
			productName = WatchLandmarks;
			productReference = 06F43978241366E100D27001 /* WatchLandmarks.app */;
			productType = "com.apple.product-type.application.watchapp2";
		};
		06F43983241366E200D27001 /* WatchLandmarks Extension */ = {
			isa = PBXNativeTarget;
			buildConfigurationList = 06F4399D241366E200D27001 /* Build configuration list for PBXNativeTarget "WatchLandmarks Extension" */;
			buildPhases = (
				06F43980241366E200D27001 /* Sources */,
				06F43981241366E200D27001 /* Frameworks */,
				06F43982241366E200D27001 /* Resources */,
			);
			buildRules = (
			);
			dependencies = (
			);
			name = "WatchLandmarks Extension";
			productName = "WatchLandmarks Extension";
			productReference = 06F43984241366E200D27001 /* WatchLandmarks Extension.appex */;
			productType = "com.apple.product-type.watchkit2-extension";
		};
/* End PBXNativeTarget section */

/* Begin PBXProject section */
		066E8AB324119DC2008565E5 /* Project object */ = {
			isa = PBXProject;
			attributes = {
				LastSwiftUpdateCheck = 1130;
				LastUpgradeCheck = 1130;
				ORGANIZATIONNAME = "Ezra Bathini";
				TargetAttributes = {
					066E8ABA24119DC2008565E5 = {
						CreatedOnToolsVersion = 11.3;
					};
					066E8AD024119DC6008565E5 = {
						CreatedOnToolsVersion = 11.3;
						TestTargetID = 066E8ABA24119DC2008565E5;
					};
					066E8ADB24119DC6008565E5 = {
						CreatedOnToolsVersion = 11.3;
						TestTargetID = 066E8ABA24119DC2008565E5;
					};
					06F43977241366E100D27001 = {
						CreatedOnToolsVersion = 11.3;
					};
					06F43983241366E200D27001 = {
						CreatedOnToolsVersion = 11.3;
					};
				};
			};
			buildConfigurationList = 066E8AB624119DC2008565E5 /* Build configuration list for PBXProject "Landmarks" */;
			compatibilityVersion = "Xcode 9.3";
			developmentRegion = en;
			hasScannedForEncodings = 0;
			knownRegions = (
				en,
				Base,
			);
			mainGroup = 066E8AB224119DC2008565E5;
			productRefGroup = 066E8ABC24119DC2008565E5 /* Products */;
			projectDirPath = "";
			projectRoot = "";
			targets = (
				066E8ABA24119DC2008565E5 /* Landmarks */,
				066E8AD024119DC6008565E5 /* LandmarksTests */,
				066E8ADB24119DC6008565E5 /* LandmarksUITests */,
				06F43977241366E100D27001 /* WatchLandmarks */,
				06F43983241366E200D27001 /* WatchLandmarks Extension */,
			);
		};
/* End PBXProject section */

/* Begin PBXResourcesBuildPhase section */
		066E8AB924119DC2008565E5 /* Resources */ = {
			isa = PBXResourcesBuildPhase;
			buildActionMask = 2147483647;
			files = (
				06C59F81241241F70067E7CB /* silversalmoncreek.jpg in Resources */,
				066E8ACB24119DC6008565E5 /* LaunchScreen.storyboard in Resources */,
				06C59F962412FF830067E7CB /* hikeData.json in Resources */,
				06F439702413293300D27001 /* stmarylake_feature.jpg in Resources */,
				06C59F7A241241F70067E7CB /* rainbowlake.jpg in Resources */,
				06F439712413293300D27001 /* turtlerock_feature.jpg in Resources */,
				06C59F84241241F70067E7CB /* charleyrivers.jpg in Resources */,
				06C59F7B241241F70067E7CB /* landmarkData.json in Resources */,
				06C59F79241241F70067E7CB /* twinlake.jpg in Resources */,
				06C59F7C241241F70067E7CB /* turtlerock.jpg in Resources */,
				06F439722413293300D27001 /* charleyrivers_feature.jpg in Resources */,
				066E8AC824119DC6008565E5 /* Preview Assets.xcassets in Resources */,
				06C59F7E241241F70067E7CB /* stmarylake.jpg in Resources */,
				06C59F7F241241F70067E7CB /* lakemcdonald.jpg in Resources */,
				06C59F7D241241F70067E7CB /* umbagog.jpg in Resources */,
				06C59F82241241F70067E7CB /* chincoteague.jpg in Resources */,
				06C59F78241241F70067E7CB /* icybay.jpg in Resources */,
				06C59F80241241F70067E7CB /* hiddenlake.jpg in Resources */,
				06C59F83241241F70067E7CB /* chilkoottrail.jpg in Resources */,
				066E8AC524119DC6008565E5 /* Assets.xcassets in Resources */,
			);
			runOnlyForDeploymentPostprocessing = 0;
		};
		066E8ACF24119DC6008565E5 /* Resources */ = {
			isa = PBXResourcesBuildPhase;
			buildActionMask = 2147483647;
			files = (
			);
			runOnlyForDeploymentPostprocessing = 0;
		};
		066E8ADA24119DC6008565E5 /* Resources */ = {
			isa = PBXResourcesBuildPhase;
			buildActionMask = 2147483647;
			files = (
			);
			runOnlyForDeploymentPostprocessing = 0;
		};
		06F43976241366E100D27001 /* Resources */ = {
			isa = PBXResourcesBuildPhase;
			buildActionMask = 2147483647;
			files = (
				06F4397E241366E200D27001 /* Assets.xcassets in Resources */,
				06F439AC2413679200D27001 /* Assets.xcassets in Resources */,
				06F4397C241366E100D27001 /* Interface.storyboard in Resources */,
			);
			runOnlyForDeploymentPostprocessing = 0;
		};
		06F43982241366E200D27001 /* Resources */ = {
			isa = PBXResourcesBuildPhase;
			buildActionMask = 2147483647;
			files = (
				06F439B9241367AA00D27001 /* silversalmoncreek.jpg in Resources */,
				06F439AD241367AA00D27001 /* charleyrivers_feature.jpg in Resources */,
				06F439AE241367AA00D27001 /* stmarylake_feature.jpg in Resources */,
				06F439B1241367AA00D27001 /* chilkoottrail.jpg in Resources */,
				06F43997241366E200D27001 /* Preview Assets.xcassets in Resources */,
				06F439BD241367AA00D27001 /* umbagog.jpg in Resources */,
				06F439B7241367AA00D27001 /* landmarkData.json in Resources */,
				06F439BC241367AA00D27001 /* twinlake.jpg in Resources */,
				06F439B0241367AA00D27001 /* charleyrivers.jpg in Resources */,
				06F43994241366E200D27001 /* Assets.xcassets in Resources */,
				06F439B8241367AA00D27001 /* rainbowlake.jpg in Resources */,
				06F439B6241367AA00D27001 /* lakemcdonald.jpg in Resources */,
				06F439BA241367AA00D27001 /* stmarylake.jpg in Resources */,
				06F439B5241367AA00D27001 /* hikeData.json in Resources */,
				06F439B2241367AA00D27001 /* chincoteague.jpg in Resources */,
				06F439B3241367AA00D27001 /* hiddenlake.jpg in Resources */,
				06F439B4241367AA00D27001 /* icybay.jpg in Resources */,
				06F439BB241367AA00D27001 /* turtlerock.jpg in Resources */,
				06F439AF241367AA00D27001 /* turtlerock_feature.jpg in Resources */,
			);
			runOnlyForDeploymentPostprocessing = 0;
		};
/* End PBXResourcesBuildPhase section */

/* Begin PBXSourcesBuildPhase section */
		066E8AB724119DC2008565E5 /* Sources */ = {
			isa = PBXSourcesBuildPhase;
			buildActionMask = 2147483647;
			files = (
				06C59FA1241306B10067E7CB /* CategoryRow.swift in Sources */,
				06C59FB12413202A0067E7CB /* FeatureCard.swift in Sources */,
				06C59FA52413118F0067E7CB /* Profile.swift in Sources */,
				06C59F9D241300FF0067E7CB /* GraphCapsule.swift in Sources */,
				06C59F942412FF550067E7CB /* Hike.swift in Sources */,
				06C59FA3241310F40067E7CB /* ProfileHost.swift in Sources */,
				06C59F8A241247A30067E7CB /* HexagonParameters.swift in Sources */,
				06C59FAF24131EA00067E7CB /* PageView.swift in Sources */,
				06BC4639241235D0005977CF /* Data.swift in Sources */,
				066E8ABF24119DC2008565E5 /* AppDelegate.swift in Sources */,
				06C59F9B241300F80067E7CB /* HikeGraph.swift in Sources */,
				06C59F882412477A0067E7CB /* Badge.swift in Sources */,
				0678077B2411A1DE00BD160E /* CircleImage.swift in Sources */,
				06C59F922412FEF90067E7CB /* HikeView.swift in Sources */,
				0678077D2411A3AE00BD160E /* MapView.swift in Sources */,
				06BC463D24123792005977CF /* LandmarkList.swift in Sources */,
				06C59F8E24124DE00067E7CB /* BadgeSymbol.swift in Sources */,
				06C59FAD24131D5E0067E7CB /* PageViewController.swift in Sources */,
				06C59F9024124E390067E7CB /* RotatedBadgeSymbol.swift in Sources */,
				06C59FA9241315820067E7CB /* HikeBadge.swift in Sources */,
				06C59F9F2413045D0067E7CB /* Home.swift in Sources */,
				06C59F98241300690067E7CB /* HikeDetail.swift in Sources */,
				066E8AC124119DC2008565E5 /* SceneDelegate.swift in Sources */,
				06C59F8C24124D8A0067E7CB /* BadgeBackground.swift in Sources */,
				066E8AC324119DC2008565E5 /* LandmarkDetail.swift in Sources */,
				06BC463B24123616005977CF /* LandmarkRow.swift in Sources */,
				06C59FA7241314170067E7CB /* ProfileSummary.swift in Sources */,
				06F439752413623600D27001 /* PageControl.swift in Sources */,
				06C59F86241243310067E7CB /* UserData.swift in Sources */,
				06BC4637241233E5005977CF /* Landmark.swift in Sources */,
				06C59FAB241318460067E7CB /* ProfileEditor.swift in Sources */,
			);
			runOnlyForDeploymentPostprocessing = 0;
		};
		066E8ACD24119DC6008565E5 /* Sources */ = {
			isa = PBXSourcesBuildPhase;
			buildActionMask = 2147483647;
			files = (
				066E8AD624119DC6008565E5 /* LandmarksTests.swift in Sources */,
			);
			runOnlyForDeploymentPostprocessing = 0;
		};
		066E8AD824119DC6008565E5 /* Sources */ = {
			isa = PBXSourcesBuildPhase;
			buildActionMask = 2147483647;
			files = (
				066E8AE124119DC6008565E5 /* LandmarksUITests.swift in Sources */,
			);
			runOnlyForDeploymentPostprocessing = 0;
		};
		06F43980241366E200D27001 /* Sources */ = {
			isa = PBXSourcesBuildPhase;
			buildActionMask = 2147483647;
			files = (
				06F439A92413675E00D27001 /* Hike.swift in Sources */,
				06F439C124136BB400D27001 /* WatchMapView.swift in Sources */,
				06F4398C241366E200D27001 /* HostingController.swift in Sources */,
				06F4398A241366E200D27001 /* ContentView.swift in Sources */,
				063354B1241374EE00C73FF5 /* LandmarkList.swift in Sources */,
				06F439A62413675E00D27001 /* UserData.swift in Sources */,
				06F439A72413675E00D27001 /* Landmark.swift in Sources */,
				06F439AB2413675E00D27001 /* CircleImage.swift in Sources */,
				06F439A52413675E00D27001 /* LandmarkRow.swift in Sources */,
				06F43990241366E200D27001 /* NotificationController.swift in Sources */,
				06F4398E241366E200D27001 /* ExtensionDelegate.swift in Sources */,
				06F439BF241367F000D27001 /* WatchLandmarkDetail.swift in Sources */,
				06F439AA2413675E00D27001 /* Profile.swift in Sources */,
				06F439A82413675E00D27001 /* Data.swift in Sources */,
				06F43992241366E200D27001 /* NotificationView.swift in Sources */,
			);
			runOnlyForDeploymentPostprocessing = 0;
		};
/* End PBXSourcesBuildPhase section */

/* Begin PBXTargetDependency section */
		066E8AD324119DC6008565E5 /* PBXTargetDependency */ = {
			isa = PBXTargetDependency;
			target = 066E8ABA24119DC2008565E5 /* Landmarks */;
			targetProxy = 066E8AD224119DC6008565E5 /* PBXContainerItemProxy */;
		};
		066E8ADE24119DC6008565E5 /* PBXTargetDependency */ = {
			isa = PBXTargetDependency;
			target = 066E8ABA24119DC2008565E5 /* Landmarks */;
			targetProxy = 066E8ADD24119DC6008565E5 /* PBXContainerItemProxy */;
		};
		06F43987241366E200D27001 /* PBXTargetDependency */ = {
			isa = PBXTargetDependency;
			target = 06F43983241366E200D27001 /* WatchLandmarks Extension */;
			targetProxy = 06F43986241366E200D27001 /* PBXContainerItemProxy */;
		};
		06F4399B241366E200D27001 /* PBXTargetDependency */ = {
			isa = PBXTargetDependency;
			target = 06F43977241366E100D27001 /* WatchLandmarks */;
			targetProxy = 06F4399A241366E200D27001 /* PBXContainerItemProxy */;
		};
/* End PBXTargetDependency section */

/* Begin PBXVariantGroup section */
		066E8AC924119DC6008565E5 /* LaunchScreen.storyboard */ = {
			isa = PBXVariantGroup;
			children = (
				066E8ACA24119DC6008565E5 /* Base */,
			);
			name = LaunchScreen.storyboard;
			sourceTree = "<group>";
		};
		06F4397A241366E100D27001 /* Interface.storyboard */ = {
			isa = PBXVariantGroup;
			children = (
				06F4397B241366E100D27001 /* Base */,
			);
			name = Interface.storyboard;
			sourceTree = "<group>";
		};
/* End PBXVariantGroup section */

/* Begin XCBuildConfiguration section */
		066E8AE324119DC7008565E5 /* Debug */ = {
			isa = XCBuildConfiguration;
			buildSettings = {
				ALWAYS_SEARCH_USER_PATHS = NO;
				CLANG_ANALYZER_NONNULL = YES;
				CLANG_ANALYZER_NUMBER_OBJECT_CONVERSION = YES_AGGRESSIVE;
				CLANG_CXX_LANGUAGE_STANDARD = "gnu++14";
				CLANG_CXX_LIBRARY = "libc++";
				CLANG_ENABLE_MODULES = YES;
				CLANG_ENABLE_OBJC_ARC = YES;
				CLANG_ENABLE_OBJC_WEAK = YES;
				CLANG_WARN_BLOCK_CAPTURE_AUTORELEASING = YES;
				CLANG_WARN_BOOL_CONVERSION = YES;
				CLANG_WARN_COMMA = YES;
				CLANG_WARN_CONSTANT_CONVERSION = YES;
				CLANG_WARN_DEPRECATED_OBJC_IMPLEMENTATIONS = YES;
				CLANG_WARN_DIRECT_OBJC_ISA_USAGE = YES_ERROR;
				CLANG_WARN_DOCUMENTATION_COMMENTS = YES;
				CLANG_WARN_EMPTY_BODY = YES;
				CLANG_WARN_ENUM_CONVERSION = YES;
				CLANG_WARN_INFINITE_RECURSION = YES;
				CLANG_WARN_INT_CONVERSION = YES;
				CLANG_WARN_NON_LITERAL_NULL_CONVERSION = YES;
				CLANG_WARN_OBJC_IMPLICIT_RETAIN_SELF = YES;
				CLANG_WARN_OBJC_LITERAL_CONVERSION = YES;
				CLANG_WARN_OBJC_ROOT_CLASS = YES_ERROR;
				CLANG_WARN_RANGE_LOOP_ANALYSIS = YES;
				CLANG_WARN_STRICT_PROTOTYPES = YES;
				CLANG_WARN_SUSPICIOUS_MOVE = YES;
				CLANG_WARN_UNGUARDED_AVAILABILITY = YES_AGGRESSIVE;
				CLANG_WARN_UNREACHABLE_CODE = YES;
				CLANG_WARN__DUPLICATE_METHOD_MATCH = YES;
				COPY_PHASE_STRIP = NO;
				DEBUG_INFORMATION_FORMAT = dwarf;
				ENABLE_STRICT_OBJC_MSGSEND = YES;
				ENABLE_TESTABILITY = YES;
				GCC_C_LANGUAGE_STANDARD = gnu11;
				GCC_DYNAMIC_NO_PIC = NO;
				GCC_NO_COMMON_BLOCKS = YES;
				GCC_OPTIMIZATION_LEVEL = 0;
				GCC_PREPROCESSOR_DEFINITIONS = (
					"DEBUG=1",
					"$(inherited)",
				);
				GCC_WARN_64_TO_32_BIT_CONVERSION = YES;
				GCC_WARN_ABOUT_RETURN_TYPE = YES_ERROR;
				GCC_WARN_UNDECLARED_SELECTOR = YES;
				GCC_WARN_UNINITIALIZED_AUTOS = YES_AGGRESSIVE;
				GCC_WARN_UNUSED_FUNCTION = YES;
				GCC_WARN_UNUSED_VARIABLE = YES;
				IPHONEOS_DEPLOYMENT_TARGET = 13.2;
				MTL_ENABLE_DEBUG_INFO = INCLUDE_SOURCE;
				MTL_FAST_MATH = YES;
				ONLY_ACTIVE_ARCH = YES;
				SDKROOT = iphoneos;
				SWIFT_ACTIVE_COMPILATION_CONDITIONS = DEBUG;
				SWIFT_OPTIMIZATION_LEVEL = "-Onone";
			};
			name = Debug;
		};
		066E8AE424119DC7008565E5 /* Release */ = {
			isa = XCBuildConfiguration;
			buildSettings = {
				ALWAYS_SEARCH_USER_PATHS = NO;
				CLANG_ANALYZER_NONNULL = YES;
				CLANG_ANALYZER_NUMBER_OBJECT_CONVERSION = YES_AGGRESSIVE;
				CLANG_CXX_LANGUAGE_STANDARD = "gnu++14";
				CLANG_CXX_LIBRARY = "libc++";
				CLANG_ENABLE_MODULES = YES;
				CLANG_ENABLE_OBJC_ARC = YES;
				CLANG_ENABLE_OBJC_WEAK = YES;
				CLANG_WARN_BLOCK_CAPTURE_AUTORELEASING = YES;
				CLANG_WARN_BOOL_CONVERSION = YES;
				CLANG_WARN_COMMA = YES;
				CLANG_WARN_CONSTANT_CONVERSION = YES;
				CLANG_WARN_DEPRECATED_OBJC_IMPLEMENTATIONS = YES;
				CLANG_WARN_DIRECT_OBJC_ISA_USAGE = YES_ERROR;
				CLANG_WARN_DOCUMENTATION_COMMENTS = YES;
				CLANG_WARN_EMPTY_BODY = YES;
				CLANG_WARN_ENUM_CONVERSION = YES;
				CLANG_WARN_INFINITE_RECURSION = YES;
				CLANG_WARN_INT_CONVERSION = YES;
				CLANG_WARN_NON_LITERAL_NULL_CONVERSION = YES;
				CLANG_WARN_OBJC_IMPLICIT_RETAIN_SELF = YES;
				CLANG_WARN_OBJC_LITERAL_CONVERSION = YES;
				CLANG_WARN_OBJC_ROOT_CLASS = YES_ERROR;
				CLANG_WARN_RANGE_LOOP_ANALYSIS = YES;
				CLANG_WARN_STRICT_PROTOTYPES = YES;
				CLANG_WARN_SUSPICIOUS_MOVE = YES;
				CLANG_WARN_UNGUARDED_AVAILABILITY = YES_AGGRESSIVE;
				CLANG_WARN_UNREACHABLE_CODE = YES;
				CLANG_WARN__DUPLICATE_METHOD_MATCH = YES;
				COPY_PHASE_STRIP = NO;
				DEBUG_INFORMATION_FORMAT = "dwarf-with-dsym";
				ENABLE_NS_ASSERTIONS = NO;
				ENABLE_STRICT_OBJC_MSGSEND = YES;
				GCC_C_LANGUAGE_STANDARD = gnu11;
				GCC_NO_COMMON_BLOCKS = YES;
				GCC_WARN_64_TO_32_BIT_CONVERSION = YES;
				GCC_WARN_ABOUT_RETURN_TYPE = YES_ERROR;
				GCC_WARN_UNDECLARED_SELECTOR = YES;
				GCC_WARN_UNINITIALIZED_AUTOS = YES_AGGRESSIVE;
				GCC_WARN_UNUSED_FUNCTION = YES;
				GCC_WARN_UNUSED_VARIABLE = YES;
				IPHONEOS_DEPLOYMENT_TARGET = 13.2;
				MTL_ENABLE_DEBUG_INFO = NO;
				MTL_FAST_MATH = YES;
				SDKROOT = iphoneos;
				SWIFT_COMPILATION_MODE = wholemodule;
				SWIFT_OPTIMIZATION_LEVEL = "-O";
				VALIDATE_PRODUCT = YES;
			};
			name = Release;
		};
		066E8AE624119DC7008565E5 /* Debug */ = {
			isa = XCBuildConfiguration;
			buildSettings = {
				ASSETCATALOG_COMPILER_APPICON_NAME = AppIcon;
				CODE_SIGN_STYLE = Automatic;
				DEVELOPMENT_ASSET_PATHS = "\"Landmarks/Preview Content\"";
				DEVELOPMENT_TEAM = 5SK3M6FYSQ;
				ENABLE_PREVIEWS = YES;
				INFOPLIST_FILE = Landmarks/Info.plist;
				LD_RUNPATH_SEARCH_PATHS = (
					"$(inherited)",
					"@executable_path/Frameworks",
				);
				PRODUCT_BUNDLE_IDENTIFIER = dev.ezrabathini.Landmarks;
				PRODUCT_NAME = "$(TARGET_NAME)";
				SWIFT_VERSION = 5.0;
				TARGETED_DEVICE_FAMILY = "1,2";
			};
			name = Debug;
		};
		066E8AE724119DC7008565E5 /* Release */ = {
			isa = XCBuildConfiguration;
			buildSettings = {
				ASSETCATALOG_COMPILER_APPICON_NAME = AppIcon;
				CODE_SIGN_STYLE = Automatic;
				DEVELOPMENT_ASSET_PATHS = "\"Landmarks/Preview Content\"";
				DEVELOPMENT_TEAM = 5SK3M6FYSQ;
				ENABLE_PREVIEWS = YES;
				INFOPLIST_FILE = Landmarks/Info.plist;
				LD_RUNPATH_SEARCH_PATHS = (
					"$(inherited)",
					"@executable_path/Frameworks",
				);
				PRODUCT_BUNDLE_IDENTIFIER = dev.ezrabathini.Landmarks;
				PRODUCT_NAME = "$(TARGET_NAME)";
				SWIFT_VERSION = 5.0;
				TARGETED_DEVICE_FAMILY = "1,2";
			};
			name = Release;
		};
		066E8AE924119DC7008565E5 /* Debug */ = {
			isa = XCBuildConfiguration;
			buildSettings = {
				ALWAYS_EMBED_SWIFT_STANDARD_LIBRARIES = YES;
				BUNDLE_LOADER = "$(TEST_HOST)";
				CODE_SIGN_STYLE = Automatic;
				DEVELOPMENT_TEAM = 5SK3M6FYSQ;
				INFOPLIST_FILE = LandmarksTests/Info.plist;
				IPHONEOS_DEPLOYMENT_TARGET = 13.2;
				LD_RUNPATH_SEARCH_PATHS = (
					"$(inherited)",
					"@executable_path/Frameworks",
					"@loader_path/Frameworks",
				);
				PRODUCT_BUNDLE_IDENTIFIER = dev.ezrabathini.LandmarksTests;
				PRODUCT_NAME = "$(TARGET_NAME)";
				SWIFT_VERSION = 5.0;
				TARGETED_DEVICE_FAMILY = "1,2";
				TEST_HOST = "$(BUILT_PRODUCTS_DIR)/Landmarks.app/Landmarks";
			};
			name = Debug;
		};
		066E8AEA24119DC7008565E5 /* Release */ = {
			isa = XCBuildConfiguration;
			buildSettings = {
				ALWAYS_EMBED_SWIFT_STANDARD_LIBRARIES = YES;
				BUNDLE_LOADER = "$(TEST_HOST)";
				CODE_SIGN_STYLE = Automatic;
				DEVELOPMENT_TEAM = 5SK3M6FYSQ;
				INFOPLIST_FILE = LandmarksTests/Info.plist;
				IPHONEOS_DEPLOYMENT_TARGET = 13.2;
				LD_RUNPATH_SEARCH_PATHS = (
					"$(inherited)",
					"@executable_path/Frameworks",
					"@loader_path/Frameworks",
				);
				PRODUCT_BUNDLE_IDENTIFIER = dev.ezrabathini.LandmarksTests;
				PRODUCT_NAME = "$(TARGET_NAME)";
				SWIFT_VERSION = 5.0;
				TARGETED_DEVICE_FAMILY = "1,2";
				TEST_HOST = "$(BUILT_PRODUCTS_DIR)/Landmarks.app/Landmarks";
			};
			name = Release;
		};
		066E8AEC24119DC7008565E5 /* Debug */ = {
			isa = XCBuildConfiguration;
			buildSettings = {
				ALWAYS_EMBED_SWIFT_STANDARD_LIBRARIES = YES;
				CODE_SIGN_STYLE = Automatic;
				DEVELOPMENT_TEAM = 5SK3M6FYSQ;
				INFOPLIST_FILE = LandmarksUITests/Info.plist;
				LD_RUNPATH_SEARCH_PATHS = (
					"$(inherited)",
					"@executable_path/Frameworks",
					"@loader_path/Frameworks",
				);
				PRODUCT_BUNDLE_IDENTIFIER = dev.ezrabathini.LandmarksUITests;
				PRODUCT_NAME = "$(TARGET_NAME)";
				SWIFT_VERSION = 5.0;
				TARGETED_DEVICE_FAMILY = "1,2";
				TEST_TARGET_NAME = Landmarks;
			};
			name = Debug;
		};
		066E8AED24119DC7008565E5 /* Release */ = {
			isa = XCBuildConfiguration;
			buildSettings = {
				ALWAYS_EMBED_SWIFT_STANDARD_LIBRARIES = YES;
				CODE_SIGN_STYLE = Automatic;
				DEVELOPMENT_TEAM = 5SK3M6FYSQ;
				INFOPLIST_FILE = LandmarksUITests/Info.plist;
				LD_RUNPATH_SEARCH_PATHS = (
					"$(inherited)",
					"@executable_path/Frameworks",
					"@loader_path/Frameworks",
				);
				PRODUCT_BUNDLE_IDENTIFIER = dev.ezrabathini.LandmarksUITests;
				PRODUCT_NAME = "$(TARGET_NAME)";
				SWIFT_VERSION = 5.0;
				TARGETED_DEVICE_FAMILY = "1,2";
				TEST_TARGET_NAME = Landmarks;
			};
			name = Release;
		};
		06F4399E241366E200D27001 /* Debug */ = {
			isa = XCBuildConfiguration;
			buildSettings = {
				ASSETCATALOG_COMPILER_COMPLICATION_NAME = Complication;
				CODE_SIGN_STYLE = Automatic;
				DEVELOPMENT_ASSET_PATHS = "\"WatchLandmarks Extension/Preview Content\"";
				DEVELOPMENT_TEAM = 5SK3M6FYSQ;
				ENABLE_PREVIEWS = YES;
				INFOPLIST_FILE = "WatchLandmarks Extension/Info.plist";
				LD_RUNPATH_SEARCH_PATHS = (
					"$(inherited)",
					"@executable_path/Frameworks",
					"@executable_path/../../Frameworks",
				);
				PRODUCT_BUNDLE_IDENTIFIER = dev.ezrabathini.Landmarks.watchkitapp.watchkitextension;
				PRODUCT_NAME = "${TARGET_NAME}";
				SDKROOT = watchos;
				SKIP_INSTALL = YES;
				SWIFT_VERSION = 5.0;
				TARGETED_DEVICE_FAMILY = 4;
				WATCHOS_DEPLOYMENT_TARGET = 6.1;
			};
			name = Debug;
		};
		06F4399F241366E200D27001 /* Release */ = {
			isa = XCBuildConfiguration;
			buildSettings = {
				ASSETCATALOG_COMPILER_COMPLICATION_NAME = Complication;
				CODE_SIGN_STYLE = Automatic;
				DEVELOPMENT_ASSET_PATHS = "\"WatchLandmarks Extension/Preview Content\"";
				DEVELOPMENT_TEAM = 5SK3M6FYSQ;
				ENABLE_PREVIEWS = YES;
				INFOPLIST_FILE = "WatchLandmarks Extension/Info.plist";
				LD_RUNPATH_SEARCH_PATHS = (
					"$(inherited)",
					"@executable_path/Frameworks",
					"@executable_path/../../Frameworks",
				);
				PRODUCT_BUNDLE_IDENTIFIER = dev.ezrabathini.Landmarks.watchkitapp.watchkitextension;
				PRODUCT_NAME = "${TARGET_NAME}";
				SDKROOT = watchos;
				SKIP_INSTALL = YES;
				SWIFT_VERSION = 5.0;
				TARGETED_DEVICE_FAMILY = 4;
				WATCHOS_DEPLOYMENT_TARGET = 6.1;
			};
			name = Release;
		};
		06F439A2241366E200D27001 /* Debug */ = {
			isa = XCBuildConfiguration;
			buildSettings = {
				ALWAYS_EMBED_SWIFT_STANDARD_LIBRARIES = YES;
				ASSETCATALOG_COMPILER_APPICON_NAME = AppIcon;
				CODE_SIGN_STYLE = Automatic;
				DEVELOPMENT_TEAM = 5SK3M6FYSQ;
				IBSC_MODULE = WatchLandmarks_Extension;
				INFOPLIST_FILE = WatchLandmarks/Info.plist;
				PRODUCT_BUNDLE_IDENTIFIER = dev.ezrabathini.Landmarks.watchkitapp;
				PRODUCT_NAME = "$(TARGET_NAME)";
				SDKROOT = watchos;
				SKIP_INSTALL = YES;
				SWIFT_VERSION = 5.0;
				TARGETED_DEVICE_FAMILY = 4;
				WATCHOS_DEPLOYMENT_TARGET = 6.1;
			};
			name = Debug;
		};
		06F439A3241366E200D27001 /* Release */ = {
			isa = XCBuildConfiguration;
			buildSettings = {
				ALWAYS_EMBED_SWIFT_STANDARD_LIBRARIES = YES;
				ASSETCATALOG_COMPILER_APPICON_NAME = AppIcon;
				CODE_SIGN_STYLE = Automatic;
				DEVELOPMENT_TEAM = 5SK3M6FYSQ;
				IBSC_MODULE = WatchLandmarks_Extension;
				INFOPLIST_FILE = WatchLandmarks/Info.plist;
				PRODUCT_BUNDLE_IDENTIFIER = dev.ezrabathini.Landmarks.watchkitapp;
				PRODUCT_NAME = "$(TARGET_NAME)";
				SDKROOT = watchos;
				SKIP_INSTALL = YES;
				SWIFT_VERSION = 5.0;
				TARGETED_DEVICE_FAMILY = 4;
				WATCHOS_DEPLOYMENT_TARGET = 6.1;
			};
			name = Release;
		};
/* End XCBuildConfiguration section */

/* Begin XCConfigurationList section */
		066E8AB624119DC2008565E5 /* Build configuration list for PBXProject "Landmarks" */ = {
			isa = XCConfigurationList;
			buildConfigurations = (
				066E8AE324119DC7008565E5 /* Debug */,
				066E8AE424119DC7008565E5 /* Release */,
			);
			defaultConfigurationIsVisible = 0;
			defaultConfigurationName = Release;
		};
		066E8AE524119DC7008565E5 /* Build configuration list for PBXNativeTarget "Landmarks" */ = {
			isa = XCConfigurationList;
			buildConfigurations = (
				066E8AE624119DC7008565E5 /* Debug */,
				066E8AE724119DC7008565E5 /* Release */,
			);
			defaultConfigurationIsVisible = 0;
			defaultConfigurationName = Release;
		};
		066E8AE824119DC7008565E5 /* Build configuration list for PBXNativeTarget "LandmarksTests" */ = {
			isa = XCConfigurationList;
			buildConfigurations = (
				066E8AE924119DC7008565E5 /* Debug */,
				066E8AEA24119DC7008565E5 /* Release */,
			);
			defaultConfigurationIsVisible = 0;
			defaultConfigurationName = Release;
		};
		066E8AEB24119DC7008565E5 /* Build configuration list for PBXNativeTarget "LandmarksUITests" */ = {
			isa = XCConfigurationList;
			buildConfigurations = (
				066E8AEC24119DC7008565E5 /* Debug */,
				066E8AED24119DC7008565E5 /* Release */,
			);
			defaultConfigurationIsVisible = 0;
			defaultConfigurationName = Release;
		};
		06F4399D241366E200D27001 /* Build configuration list for PBXNativeTarget "WatchLandmarks Extension" */ = {
			isa = XCConfigurationList;
			buildConfigurations = (
				06F4399E241366E200D27001 /* Debug */,
				06F4399F241366E200D27001 /* Release */,
			);
			defaultConfigurationIsVisible = 0;
			defaultConfigurationName = Release;
		};
		06F439A1241366E200D27001 /* Build configuration list for PBXNativeTarget "WatchLandmarks" */ = {
			isa = XCConfigurationList;
			buildConfigurations = (
				06F439A2241366E200D27001 /* Debug */,
				06F439A3241366E200D27001 /* Release */,
			);
			defaultConfigurationIsVisible = 0;
			defaultConfigurationName = Release;
		};
/* End XCConfigurationList section */
	};
	rootObject = 066E8AB324119DC2008565E5 /* Project object */;
}
